
Microsoft Visual Studio Solution File, Format Version 12.00
# Visual Studio 15
VisualStudioVersion = 15.0.28307.136
MinimumVisualStudioVersion = 10.0.40219.1
Project("{D2ABAB84-BF74-430A-B69E-9DC6D40DDA17}") = "Lab3", "Lab3\Lab3.dwproj", "{D7204173-6480-4806-BF86-714702B6C5D4}"
EndProject
Global
	GlobalSection(SolutionConfigurationPlatforms) = preSolution
		Development|Default = Development|Default
	EndGlobalSection
	GlobalSection(ProjectConfigurationPlatforms) = postSolution
		{D7204173-6480-4806-BF86-714702B6C5D4}.Development|Default.ActiveCfg = Development
		{D7204173-6480-4806-BF86-714702B6C5D4}.Development|Default.Build.0 = Development
		{D7204173-6480-4806-BF86-714702B6C5D4}.Development|Default.Deploy.0 = Development
	EndGlobalSection
	GlobalSection(SolutionProperties) = preSolution
		HideSolutionNode = FALSE
	EndGlobalSection
	GlobalSection(ExtensibilityGlobals) = postSolution
		SolutionGuid = {74708D57-528B-414A-B20D-62887EADDD97}
	EndGlobalSection
EndGlobal
